# This file is automatically @generated by Poetry and should not be changed by hand.

[[package]]
name = "arrow"
version = "1.2.3"
description = "Better dates & times for Python"
category = "main"
optional = false
python-versions = ">=3.6"
files = [
    {file = "arrow-1.2.3-py3-none-any.whl", hash = "sha256:5a49ab92e3b7b71d96cd6bfcc4df14efefc9dfa96ea19045815914a6ab6b1fe2"},
    {file = "arrow-1.2.3.tar.gz", hash = "sha256:3934b30ca1b9f292376d9db15b19446088d12ec58629bc3f0da28fd55fb633a1"},
]

[package.dependencies]
python-dateutil = ">=2.7.0"

[[package]]
name = "attrs"
version = "22.2.0"
description = "Classes Without Boilerplate"
category = "main"
optional = false
python-versions = ">=3.6"
files = [
    {file = "attrs-22.2.0-py3-none-any.whl", hash = "sha256:29e95c7f6778868dbd49170f98f8818f78f3dc5e0e37c0b1f474e3561b240836"},
    {file = "attrs-22.2.0.tar.gz", hash = "sha256:c9227bfc2f01993c03f68db37d1d15c9690188323c067c641f1a35ca58185f99"},
]

[package.extras]
cov = ["attrs[tests]", "coverage-enable-subprocess", "coverage[toml] (>=5.3)"]
dev = ["attrs[docs,tests]"]
docs = ["furo", "myst-parser", "sphinx", "sphinx-notfound-page", "sphinxcontrib-towncrier", "towncrier", "zope.interface"]
tests = ["attrs[tests-no-zope]", "zope.interface"]
tests-no-zope = ["cloudpickle", "cloudpickle", "hypothesis", "hypothesis", "mypy (>=0.971,<0.990)", "mypy (>=0.971,<0.990)", "pympler", "pympler", "pytest (>=4.3.0)", "pytest (>=4.3.0)", "pytest-mypy-plugins", "pytest-mypy-plugins", "pytest-xdist[psutil]", "pytest-xdist[psutil]"]

[[package]]
name = "beautifulsoup4"
version = "4.11.1"
description = "Screen-scraping library"
category = "main"
optional = false
python-versions = ">=3.6.0"
files = [
    {file = "beautifulsoup4-4.11.1-py3-none-any.whl", hash = "sha256:58d5c3d29f5a36ffeb94f02f0d786cd53014cf9b3b3951d42e0080d8a9498d30"},
    {file = "beautifulsoup4-4.11.1.tar.gz", hash = "sha256:ad9aa55b65ef2808eb405f46cf74df7fcb7044d5cbc26487f96eb2ef2e436693"},
]

[package.dependencies]
soupsieve = ">1.2"

[package.extras]
html5lib = ["html5lib"]
lxml = ["lxml"]

[[package]]
name = "bs4"
version = "0.0.1"
description = "Dummy package for Beautiful Soup"
category = "main"
optional = false
python-versions = "*"
files = [
    {file = "bs4-0.0.1.tar.gz", hash = "sha256:36ecea1fd7cc5c0c6e4a1ff075df26d50da647b75376626cc186e2212886dd3a"},
]

[package.dependencies]
beautifulsoup4 = "*"

[[package]]
name = "et-xmlfile"
version = "1.1.0"
description = "An implementation of lxml.xmlfile for the standard library"
category = "main"
optional = false
python-versions = ">=3.6"
files = [
    {file = "et_xmlfile-1.1.0-py3-none-any.whl", hash = "sha256:a2ba85d1d6a74ef63837eed693bcb89c3f752169b0e3e7ae5b16ca5e1b3deada"},
    {file = "et_xmlfile-1.1.0.tar.gz", hash = "sha256:8eb9e2bc2f8c97e37a2dc85a09ecdcdec9d8a396530a6d5a33b30b9a92da0c5c"},
]

[[package]]
name = "ics"
version = "0.7.2"
description = "Python icalendar (rfc5545) parser"
category = "main"
optional = false
python-versions = "*"
files = [
    {file = "ics-0.7.2-py2.py3-none-any.whl", hash = "sha256:5fcf4d29ec6e7dfcb84120abd617bbba632eb77b097722b7df70e48dbcf26103"},
    {file = "ics-0.7.2.tar.gz", hash = "sha256:6743539bca10391635249b87d74fcd1094af20b82098bebf7c7521df91209f05"},
]

[package.dependencies]
arrow = ">=0.11"
attrs = ">=19.1.0"
python-dateutil = "*"
six = ">1.5"
tatsu = ">4.2"

[[package]]
name = "openpyxl"
version = "3.0.10"
description = "A Python library to read/write Excel 2010 xlsx/xlsm files"
category = "main"
optional = false
python-versions = ">=3.6"
files = [
    {file = "openpyxl-3.0.10-py2.py3-none-any.whl", hash = "sha256:0ab6d25d01799f97a9464630abacbb34aafecdcaa0ef3cba6d6b3499867d0355"},
    {file = "openpyxl-3.0.10.tar.gz", hash = "sha256:e47805627aebcf860edb4edf7987b1309c1b3632f3750538ed962bbcc3bd7449"},
]

[package.dependencies]
et-xmlfile = "*"

[[package]]
name = "pysam"
version = "0.20.0"
description = "pysam"
category = "main"
optional = false
python-versions = "*"
files = [
    {file = "pysam-0.20.0-cp310-cp310-macosx_10_9_x86_64.whl", hash = "sha256:d919f40db3027f092bb39177aecbb49a02e2fd746bb5adfbe48eb839b2225e51"},
    {file = "pysam-0.20.0-cp310-cp310-manylinux_2_24_aarch64.whl", hash = "sha256:7145694675a0cfe0c04abb5582c70b3f6a19d6b30e6835931016afd57d423719"},
    {file = "pysam-0.20.0-cp310-cp310-manylinux_2_24_i686.whl", hash = "sha256:fa98bd2e6bf1252dac7c275fe7c34bbc125644b781a6196bfe25cc078c6cb341"},
    {file = "pysam-0.20.0-cp310-cp310-manylinux_2_24_x86_64.whl", hash = "sha256:12c56353739f2b76266407502e06127235197030a8e11188cb80693ca46321d1"},
    {file = "pysam-0.20.0-cp36-cp36m-macosx_10_9_x86_64.whl", hash = "sha256:d4744e162476a62fab9458aa3d1e2e51614e0f919e4578c14e986c7e7cab377e"},
    {file = "pysam-0.20.0-cp36-cp36m-manylinux_2_24_aarch64.whl", hash = "sha256:e61c3a68fb254ffd2c34ce956277615663c5ecab7a30e6308744873984794330"},
    {file = "pysam-0.20.0-cp36-cp36m-manylinux_2_24_i686.whl", hash = "sha256:ff15d6a6ac29541d5dee30ea8233356c43a5f3a99886451fd0188b80daa0422d"},
    {file = "pysam-0.20.0-cp36-cp36m-manylinux_2_24_x86_64.whl", hash = "sha256:29d1a2c60944f1bc46b9324f9e78dd343fd6a8de039badff71df43df960e223c"},
    {file = "pysam-0.20.0-cp37-cp37m-macosx_10_9_x86_64.whl", hash = "sha256:7e017a3b8baeee7c0df7f666138e8bf5a73f9805c2ab6287a2a4d5351f6822d5"},
    {file = "pysam-0.20.0-cp37-cp37m-manylinux_2_24_aarch64.whl", hash = "sha256:7c57867c80af3b5c3a4ae391ec86b914bb6361bb5cd41d985cbe06a75163188c"},
    {file = "pysam-0.20.0-cp37-cp37m-manylinux_2_24_i686.whl", hash = "sha256:38f292478f32cbf6f2981021f7c2a961956e9b49141493557ace79810221c4e4"},
    {file = "pysam-0.20.0-cp37-cp37m-manylinux_2_24_x86_64.whl", hash = "sha256:3d8c86ae4413c25d047aa4e9529b2adc366ecfeb1eb3f0098c525705314a0332"},
    {file = "pysam-0.20.0-cp38-cp38-macosx_10_9_x86_64.whl", hash = "sha256:3b8a07732549ff10dfad8b0db7663076b39727a558e1f6d06ab5c6819f3cae9f"},
    {file = "pysam-0.20.0-cp38-cp38-manylinux_2_24_aarch64.whl", hash = "sha256:d958ce70865869f2aa8c8c0880ad451bafd4d5a8c94fb78a269ab913a57d9303"},
    {file = "pysam-0.20.0-cp38-cp38-manylinux_2_24_i686.whl", hash = "sha256:93f0ea6b2050ad470b5b1cdd19fae0b88afd5ae48ee6e66a0dcd054b61e9fba4"},
    {file = "pysam-0.20.0-cp38-cp38-manylinux_2_24_x86_64.whl", hash = "sha256:e14e33703bdb8ed812ab16b5c816ce68ffee2ae2a19906efdc5732c3e446791e"},
    {file = "pysam-0.20.0-cp39-cp39-macosx_10_9_x86_64.whl", hash = "sha256:f5aefffd4ac1fad35b720cb7a1663be9bdb18376d0d361d33a744254a0da8e96"},
    {file = "pysam-0.20.0-cp39-cp39-manylinux_2_24_aarch64.whl", hash = "sha256:3ed4dbf8613007daf8b127c32743206126badc35822730de767d86f9ead445ad"},
    {file = "pysam-0.20.0-cp39-cp39-manylinux_2_24_i686.whl", hash = "sha256:7ca81b7e5af5f3cdac460e0ce59a0eab11fdbe1a216ddee6f3172aa16445ae54"},
    {file = "pysam-0.20.0-cp39-cp39-manylinux_2_24_x86_64.whl", hash = "sha256:a2d8f2e15934100ce6b380659af884066d5ebffa69e36025b4029f8c9e8b3adc"},
    {file = "pysam-0.20.0.tar.gz", hash = "sha256:7cc250148ba0ffc9bdc38db6988b91e13b75db0d11c18cf1336467d1c97dd312"},
]

[[package]]
name = "python-dateutil"
version = "2.8.2"
description = "Extensions to the standard Python datetime module"
category = "main"
optional = false
python-versions = "!=3.0.*,!=3.1.*,!=3.2.*,>=2.7"
files = [
    {file = "python-dateutil-2.8.2.tar.gz", hash = "sha256:0123cacc1627ae19ddf3c27a5de5bd67ee4586fbdd6440d9748f8abb483d3e86"},
    {file = "python_dateutil-2.8.2-py2.py3-none-any.whl", hash = "sha256:961d03dc3453ebbc59dbdea9e4e11c5651520a876d0f4db161e8674aae935da9"},
]

[package.dependencies]
six = ">=1.5"

[[package]]
name = "six"
version = "1.16.0"
description = "Python 2 and 3 compatibility utilities"
category = "main"
optional = false
python-versions = ">=2.7, !=3.0.*, !=3.1.*, !=3.2.*"
files = [
    {file = "six-1.16.0-py2.py3-none-any.whl", hash = "sha256:8abb2f1d86890a2dfb989f9a77cfcfd3e47c2a354b01111771326f8aa26e0254"},
    {file = "six-1.16.0.tar.gz", hash = "sha256:1e61c37477a1626458e36f7b1d82aa5c9b094fa4802892072e49de9c60c4c926"},
]

[[package]]
name = "soupsieve"
version = "2.3.2.post1"
description = "A modern CSS selector implementation for Beautiful Soup."
category = "main"
optional = false
python-versions = ">=3.6"
files = [
    {file = "soupsieve-2.3.2.post1-py3-none-any.whl", hash = "sha256:3b2503d3c7084a42b1ebd08116e5f81aadfaea95863628c80a3b774a11b7c759"},
    {file = "soupsieve-2.3.2.post1.tar.gz", hash = "sha256:fc53893b3da2c33de295667a0e19f078c14bf86544af307354de5fcf12a3f30d"},
]

[[package]]
name = "tatsu"
version = "5.8.3"
description = "TatSu takes a grammar in a variation of EBNF as input, and outputs a memoizing PEG/Packrat parser in Python."
category = "main"
optional = false
python-versions = ">=3.8"
files = [
    {file = "TatSu-5.8.3-py2.py3-none-any.whl", hash = "sha256:0a836692e67247cad9f251e083b045b13345cc715e69a7fbc16522beaa0f2163"},
    {file = "TatSu-5.8.3.zip", hash = "sha256:571ecbcdf33b7828c05e5cd95a8e8ad06af111c2c83a6a245be4d8f7c43de7bb"},
]

[package.extras]
future-regex = ["regex"]

[[package]]
name = "vcfpy"
version = "0.13.6"
description = "Python 3 VCF library with good support for both reading and writing"
category = "main"
optional = false
python-versions = "*"
files = [
    {file = "vcfpy-0.13.6.tar.gz", hash = "sha256:778afe1dfec387206ddac754186e0777c326e0c300496b7631ade532532ce0bb"},
]

[package.dependencies]
pysam = ">=0.10.0"

[[package]]
name = "xlrd"
version = "2.0.1"
description = "Library for developers to extract data from Microsoft Excel (tm) .xls spreadsheet files"
category = "main"
optional = false
python-versions = ">=2.7, !=3.0.*, !=3.1.*, !=3.2.*, !=3.3.*, !=3.4.*, !=3.5.*"
files = [
    {file = "xlrd-2.0.1-py2.py3-none-any.whl", hash = "sha256:6a33ee89877bd9abc1158129f6e94be74e2679636b8a205b43b85206c3f0bbdd"},
    {file = "xlrd-2.0.1.tar.gz", hash = "sha256:f72f148f54442c6b056bf931dbc34f986fd0c3b0b6b5a58d013c9aef274d0c88"},
]

[package.extras]
build = ["twine", "wheel"]
docs = ["sphinx"]
test = ["pytest", "pytest-cov"]

[[package]]
name = "xlwt"
version = "1.3.0"
description = "Library to create spreadsheet files compatible with MS Excel 97/2000/XP/2003 XLS files, on any platform, with Python 2.6, 2.7, 3.3+"
category = "main"
optional = false
python-versions = "*"
files = [
    {file = "xlwt-1.3.0-py2.py3-none-any.whl", hash = "sha256:a082260524678ba48a297d922cc385f58278b8aa68741596a87de01a9c628b2e"},
    {file = "xlwt-1.3.0.tar.gz", hash = "sha256:c59912717a9b28f1a3c2a98fd60741014b06b043936dcecbc113eaaada156c88"},
]

[metadata]
lock-version = "2.0"
python-versions = "^3.10"
content-hash = "2ba1a89ab0d3e41ca964f81e33e1079edd6b07d647bb3173f46eab480bad38e6"
